
Microsoft Visual Studio Solution File, Format Version 12.00
# Visual Studio Version 17
VisualStudioVersion = 17.7.34031.279
MinimumVisualStudioVersion = 10.0.40219.1
Project("{FAE04EC0-301F-11D3-BF4B-00C04F79EFBC}") = "GeniusStudio", "GeniusStudio\GeniusStudio.csproj", "{065074B8-F4C2-479F-80D9-3F64A8EC8A82}"
EndProject
Global
	GlobalSection(SolutionConfigurationPlatforms) = preSolution
		Debug|Any CPU = Debug|Any CPU
		Release|Any CPU = Release|Any CPU
	EndGlobalSection
	GlobalSection(ProjectConfigurationPlatforms) = postSolution
		{065074B8-F4C2-479F-80D9-3F64A8EC8A82}.Debug|Any CPU.ActiveCfg = Debug|Any CPU
		{065074B8-F4C2-479F-80D9-3F64A8EC8A82}.Debug|Any CPU.Build.0 = Debug|Any CPU
		{065074B8-F4C2-479F-80D9-3F64A8EC8A82}.Release|Any CPU.ActiveCfg = Release|Any CPU
		{065074B8-F4C2-479F-80D9-3F64A8EC8A82}.Release|Any CPU.Build.0 = Release|Any CPU
	EndGlobalSection
	GlobalSection(SolutionProperties) = preSolution
		HideSolutionNode = FALSE
	EndGlobalSection
	GlobalSection(ExtensibilityGlobals) = postSolution
		SolutionGuid = {08090E24-66ED-4219-A06F-5B0D2500488C}
	EndGlobalSection
EndGlobal
